
Microsoft Visual Studio Solution File, Format Version 12.00
# Visual Studio Version 16
VisualStudioVersion = 16.0.31005.135
MinimumVisualStudioVersion = 10.0.40219.1
Project("{9092AA53-FB77-4645-B42D-1CCCA6BD08BD}") = "Web", "Web\Web.njsproj", "{BDAE6009-F68E-4912-A490-37C632F8B575}"
EndProject
Project("{9092AA53-FB77-4645-B42D-1CCCA6BD08BD}") = "Encrypt", "Encrypt\Encrypt.njsproj", "{82A28BFC-26C8-41C3-AFDB-5864A2CE45F2}"
EndProject
Project("{9092AA53-FB77-4645-B42D-1CCCA6BD08BD}") = "Decrypt", "Decrypt\Decrypt.njsproj", "{577CC6BF-8935-461B-BF2E-523EC62AF22E}"
EndProject
Global
	GlobalSection(SolutionConfigurationPlatforms) = preSolution
		Debug|Any CPU = Debug|Any CPU
		Release|Any CPU = Release|Any CPU
	EndGlobalSection
	GlobalSection(ProjectConfigurationPlatforms) = postSolution
		{BDAE6009-F68E-4912-A490-37C632F8B575}.Debug|Any CPU.ActiveCfg = Debug|Any CPU
		{BDAE6009-F68E-4912-A490-37C632F8B575}.Debug|Any CPU.Build.0 = Debug|Any CPU
		{BDAE6009-F68E-4912-A490-37C632F8B575}.Release|Any CPU.ActiveCfg = Release|Any CPU
		{BDAE6009-F68E-4912-A490-37C632F8B575}.Release|Any CPU.Build.0 = Release|Any CPU
		{82A28BFC-26C8-41C3-AFDB-5864A2CE45F2}.Debug|Any CPU.ActiveCfg = Debug|Any CPU
		{82A28BFC-26C8-41C3-AFDB-5864A2CE45F2}.Debug|Any CPU.Build.0 = Debug|Any CPU
		{82A28BFC-26C8-41C3-AFDB-5864A2CE45F2}.Release|Any CPU.ActiveCfg = Release|Any CPU
		{82A28BFC-26C8-41C3-AFDB-5864A2CE45F2}.Release|Any CPU.Build.0 = Release|Any CPU
		{577CC6BF-8935-461B-BF2E-523EC62AF22E}.Debug|Any CPU.ActiveCfg = Debug|Any CPU
		{577CC6BF-8935-461B-BF2E-523EC62AF22E}.Debug|Any CPU.Build.0 = Debug|Any CPU
		{577CC6BF-8935-461B-BF2E-523EC62AF22E}.Release|Any CPU.ActiveCfg = Release|Any CPU
		{577CC6BF-8935-461B-BF2E-523EC62AF22E}.Release|Any CPU.Build.0 = Release|Any CPU
	EndGlobalSection
	GlobalSection(SolutionProperties) = preSolution
		HideSolutionNode = FALSE
	EndGlobalSection
	GlobalSection(ExtensibilityGlobals) = postSolution
		SolutionGuid = {3E96DC4F-E07D-4B1E-8B4B-2CD9BD1CD44D}
	EndGlobalSection
EndGlobal
